
Microsoft Visual Studio Solution File, Format Version 12.00
# Visual Studio Version 17
VisualStudioVersion = 17.3.32804.467
MinimumVisualStudioVersion = 10.0.40219.1
Project("{FAE04EC0-301F-11D3-BF4B-00C04F79EFBC}") = "Exercise2", "Exercise2\Exercise2.csproj", "{23BDC698-D18B-4F0D-8041-ECE7BCA7CF4C}"
EndProject
Global
	GlobalSection(SolutionConfigurationPlatforms) = preSolution
		Debug|Any CPU = Debug|Any CPU
		Release|Any CPU = Release|Any CPU
	EndGlobalSection
	GlobalSection(ProjectConfigurationPlatforms) = postSolution
		{23BDC698-D18B-4F0D-8041-ECE7BCA7CF4C}.Debug|Any CPU.ActiveCfg = Debug|Any CPU
		{23BDC698-D18B-4F0D-8041-ECE7BCA7CF4C}.Debug|Any CPU.Build.0 = Debug|Any CPU
		{23BDC698-D18B-4F0D-8041-ECE7BCA7CF4C}.Release|Any CPU.ActiveCfg = Release|Any CPU
		{23BDC698-D18B-4F0D-8041-ECE7BCA7CF4C}.Release|Any CPU.Build.0 = Release|Any CPU
	EndGlobalSection
	GlobalSection(SolutionProperties) = preSolution
		HideSolutionNode = FALSE
	EndGlobalSection
	GlobalSection(ExtensibilityGlobals) = postSolution
		SolutionGuid = {6D77924E-7915-4A5D-BEE3-494B60567037}
	EndGlobalSection
EndGlobal
